
Microsoft Visual Studio Solution File, Format Version 12.00
# Visual Studio Version 17
VisualStudioVersion = 17.5.002.0
MinimumVisualStudioVersion = 10.0.40219.1
Project("{9A19103F-16F7-4668-BE54-9A1E7A4F7556}") = "ToDo", "ToDo.csproj", "{F7D5A209-39A0-4B27-A859-769C25B437C7}"
EndProject
Global
	GlobalSection(SolutionConfigurationPlatforms) = preSolution
		Debug|Any CPU = Debug|Any CPU
		Release|Any CPU = Release|Any CPU
	EndGlobalSection
	GlobalSection(ProjectConfigurationPlatforms) = postSolution
		{F7D5A209-39A0-4B27-A859-769C25B437C7}.Debug|Any CPU.ActiveCfg = Debug|Any CPU
		{F7D5A209-39A0-4B27-A859-769C25B437C7}.Debug|Any CPU.Build.0 = Debug|Any CPU
		{F7D5A209-39A0-4B27-A859-769C25B437C7}.Release|Any CPU.ActiveCfg = Release|Any CPU
		{F7D5A209-39A0-4B27-A859-769C25B437C7}.Release|Any CPU.Build.0 = Release|Any CPU
	EndGlobalSection
	GlobalSection(SolutionProperties) = preSolution
		HideSolutionNode = FALSE
	EndGlobalSection
	GlobalSection(ExtensibilityGlobals) = postSolution
		SolutionGuid = {271B287D-C615-4D8A-BA7F-95D10A3E2FB7}
	EndGlobalSection
EndGlobal
